# This file is automatically @generated by Cargo.
# It is not intended for manual editing.
version = 4

[[package]]
name = "directory_enumeration"
version = "0.1.0"

[[package]]
name = "dns_lookup"
version = "0.1.0"

[[package]]
name = "empty"
version = "0.1.0"

[[package]]
name = "file_io"
version = "0.1.0"

[[package]]
name = "http_client"
version = "0.1.0"

[[package]]
name = "memory_allocate"
version = "0.1.0"

[[package]]
name = "pipe_ipc"
version = "0.1.0"

[[package]]
name = "process_enumeration"
version = "0.1.0"

[[package]]
name = "process_exec"
version = "0.1.0"

[[package]]
name = "spawn"
version = "0.1.0"

[[package]]
name = "tcp_client"
version = "0.1.0"

[[package]]
name = "tcp_server"
version = "0.1.0"

[[package]]
name = "thread_create"
version = "0.1.0"
