# This file is automatically @generated by Cargo.
# It is not intended for manual editing.
version = 4

[[package]]
name = "clear_log"
version = "0.1.0"

[[package]]
name = "imds"
version = "0.1.0"

[[package]]
name = "mkdir_bin"
version = "0.1.0"

[[package]]
name = "ptrace_antidebug"
version = "0.1.0"

[[package]]
name = "read_sensitive_file"
version = "0.1.0"

[[package]]
name = "reverse_shell"
version = "0.1.0"

[[package]]
name = "symlink_sensitive"
version = "0.1.0"
